
Microsoft Visual Studio Solution File, Format Version 12.00
# Visual Studio Version 16
VisualStudioVersion = 16.0.31624.102
MinimumVisualStudioVersion = 10.0.40219.1
Project("{FAE04EC0-301F-11D3-BF4B-00C04F79EFBC}") = "LoadPixelImages.Android", "LoadPixelImages\LoadPixelImages.Android\LoadPixelImages.Android.csproj", "{3A81BB21-7115-45A7-AE88-F2244DE32E04}"
EndProject
Project("{FAE04EC0-301F-11D3-BF4B-00C04F79EFBC}") = "LoadPixelImages.iOS", "LoadPixelImages\LoadPixelImages.iOS\LoadPixelImages.iOS.csproj", "{80C74661-CBB4-4BCE-A1C4-887A57B39EDA}"
EndProject
Project("{FAE04EC0-301F-11D3-BF4B-00C04F79EFBC}") = "LoadPixelImages", "LoadPixelImages\LoadPixelImages\LoadPixelImages.csproj", "{4824189A-C61F-4A30-A12B-5F58254B88CE}"
EndProject
Global 
	GlobalSection(SolutionConfigurationPlatforms) = preSolution
		Debug|Any CPU = Debug|Any CPU
		Debug|iPhone = Debug|iPhone
		Debug|iPhoneSimulator = Debug|iPhoneSimulator
		Release|Any CPU = Release|Any CPU
		Release|iPhone = Release|iPhone
		Release|iPhoneSimulator = Release|iPhoneSimulator
	EndGlobalSection
	GlobalSection(ProjectConfigurationPlatforms) = postSolution
		{3A81BB21-7115-45A7-AE88-F2244DE32E04}.Debug|Any CPU.ActiveCfg = Debug|Any CPU
		{3A81BB21-7115-45A7-AE88-F2244DE32E04}.Debug|Any CPU.Build.0 = Debug|Any CPU
		{3A81BB21-7115-45A7-AE88-F2244DE32E04}.Debug|Any CPU.Deploy.0 = Debug|Any CPU
		{3A81BB21-7115-45A7-AE88-F2244DE32E04}.Debug|iPhone.ActiveCfg = Debug|Any CPU
		{3A81BB21-7115-45A7-AE88-F2244DE32E04}.Debug|iPhone.Build.0 = Debug|Any CPU
		{3A81BB21-7115-45A7-AE88-F2244DE32E04}.Debug|iPhone.Deploy.0 = Debug|Any CPU
		{3A81BB21-7115-45A7-AE88-F2244DE32E04}.Debug|iPhoneSimulator.ActiveCfg = Debug|Any CPU
		{3A81BB21-7115-45A7-AE88-F2244DE32E04}.Debug|iPhoneSimulator.Build.0 = Debug|Any CPU
		{3A81BB21-7115-45A7-AE88-F2244DE32E04}.Debug|iPhoneSimulator.Deploy.0 = Debug|Any CPU
		{3A81BB21-7115-45A7-AE88-F2244DE32E04}.Release|Any CPU.ActiveCfg = Release|Any CPU
		{3A81BB21-7115-45A7-AE88-F2244DE32E04}.Release|Any CPU.Build.0 = Release|Any CPU
		{3A81BB21-7115-45A7-AE88-F2244DE32E04}.Release|Any CPU.Deploy.0 = Release|Any CPU
		{3A81BB21-7115-45A7-AE88-F2244DE32E04}.Release|iPhone.ActiveCfg = Release|Any CPU
		{3A81BB21-7115-45A7-AE88-F2244DE32E04}.Release|iPhone.Build.0 = Release|Any CPU
		{3A81BB21-7115-45A7-AE88-F2244DE32E04}.Release|iPhone.Deploy.0 = Release|Any CPU
		{3A81BB21-7115-45A7-AE88-F2244DE32E04}.Release|iPhoneSimulator.ActiveCfg = Release|Any CPU
		{3A81BB21-7115-45A7-AE88-F2244DE32E04}.Release|iPhoneSimulator.Build.0 = Release|Any CPU
		{3A81BB21-7115-45A7-AE88-F2244DE32E04}.Release|iPhoneSimulator.Deploy.0 = Release|Any CPU
		{80C74661-CBB4-4BCE-A1C4-887A57B39EDA}.Debug|Any CPU.ActiveCfg = Debug|iPhone
		{80C74661-CBB4-4BCE-A1C4-887A57B39EDA}.Debug|Any CPU.Build.0 = Debug|iPhone
		{80C74661-CBB4-4BCE-A1C4-887A57B39EDA}.Debug|Any CPU.Deploy.0 = Debug|iPhone
		{80C74661-CBB4-4BCE-A1C4-887A57B39EDA}.Debug|iPhone.ActiveCfg = Debug|iPhone
		{80C74661-CBB4-4BCE-A1C4-887A57B39EDA}.Debug|iPhone.Build.0 = Debug|iPhone
		{80C74661-CBB4-4BCE-A1C4-887A57B39EDA}.Debug|iPhone.Deploy.0 = Debug|iPhone
		{80C74661-CBB4-4BCE-A1C4-887A57B39EDA}.Debug|iPhoneSimulator.ActiveCfg = Debug|iPhoneSimulator
		{80C74661-CBB4-4BCE-A1C4-887A57B39EDA}.Debug|iPhoneSimulator.Build.0 = Debug|iPhoneSimulator
		{80C74661-CBB4-4BCE-A1C4-887A57B39EDA}.Debug|iPhoneSimulator.Deploy.0 = Debug|iPhoneSimulator
		{80C74661-CBB4-4BCE-A1C4-887A57B39EDA}.Release|Any CPU.ActiveCfg = Release|iPhoneSimulator
		{80C74661-CBB4-4BCE-A1C4-887A57B39EDA}.Release|Any CPU.Build.0 = Release|iPhoneSimulator
		{80C74661-CBB4-4BCE-A1C4-887A57B39EDA}.Release|Any CPU.Deploy.0 = Release|iPhoneSimulator
		{80C74661-CBB4-4BCE-A1C4-887A57B39EDA}.Release|iPhone.ActiveCfg = Release|iPhone
		{80C74661-CBB4-4BCE-A1C4-887A57B39EDA}.Release|iPhone.Build.0 = Release|iPhone
		{80C74661-CBB4-4BCE-A1C4-887A57B39EDA}.Release|iPhone.Deploy.0 = Release|iPhone
		{80C74661-CBB4-4BCE-A1C4-887A57B39EDA}.Release|iPhoneSimulator.ActiveCfg = Release|iPhoneSimulator
		{80C74661-CBB4-4BCE-A1C4-887A57B39EDA}.Release|iPhoneSimulator.Build.0 = Release|iPhoneSimulator
		{80C74661-CBB4-4BCE-A1C4-887A57B39EDA}.Release|iPhoneSimulator.Deploy.0 = Release|iPhoneSimulator
		{4824189A-C61F-4A30-A12B-5F58254B88CE}.Debug|Any CPU.ActiveCfg = Debug|Any CPU
		{4824189A-C61F-4A30-A12B-5F58254B88CE}.Debug|Any CPU.Build.0 = Debug|Any CPU
		{4824189A-C61F-4A30-A12B-5F58254B88CE}.Debug|Any CPU.Deploy.0 = Debug|Any CPU
		{4824189A-C61F-4A30-A12B-5F58254B88CE}.Debug|iPhone.ActiveCfg = Debug|Any CPU
		{4824189A-C61F-4A30-A12B-5F58254B88CE}.Debug|iPhone.Build.0 = Debug|Any CPU
		{4824189A-C61F-4A30-A12B-5F58254B88CE}.Debug|iPhone.Deploy.0 = Debug|Any CPU
		{4824189A-C61F-4A30-A12B-5F58254B88CE}.Debug|iPhoneSimulator.ActiveCfg = Debug|Any CPU
		{4824189A-C61F-4A30-A12B-5F58254B88CE}.Debug|iPhoneSimulator.Build.0 = Debug|Any CPU
		{4824189A-C61F-4A30-A12B-5F58254B88CE}.Debug|iPhoneSimulator.Deploy.0 = Debug|Any CPU
		{4824189A-C61F-4A30-A12B-5F58254B88CE}.Release|Any CPU.ActiveCfg = Release|Any CPU
		{4824189A-C61F-4A30-A12B-5F58254B88CE}.Release|Any CPU.Build.0 = Release|Any CPU
		{4824189A-C61F-4A30-A12B-5F58254B88CE}.Release|Any CPU.Deploy.0 = Release|Any CPU
		{4824189A-C61F-4A30-A12B-5F58254B88CE}.Release|iPhone.ActiveCfg = Release|Any CPU
		{4824189A-C61F-4A30-A12B-5F58254B88CE}.Release|iPhone.Build.0 = Release|Any CPU
		{4824189A-C61F-4A30-A12B-5F58254B88CE}.Release|iPhone.Deploy.0 = Release|Any CPU
		{4824189A-C61F-4A30-A12B-5F58254B88CE}.Release|iPhoneSimulator.ActiveCfg = Release|Any CPU
		{4824189A-C61F-4A30-A12B-5F58254B88CE}.Release|iPhoneSimulator.Build.0 = Release|Any CPU
		{4824189A-C61F-4A30-A12B-5F58254B88CE}.Release|iPhoneSimulator.Deploy.0 = Release|Any CPU
	EndGlobalSection
	GlobalSection(SolutionProperties) = preSolution
		HideSolutionNode = FALSE
	EndGlobalSection
	GlobalSection(ExtensibilityGlobals) = postSolution
		SolutionGuid = {8817ED63-9556-4DAB-B3FC-E420E5B41EF7}
	EndGlobalSection
EndGlobal
